// !$*UTF8*$!
{
	archiveVersion = 1;
	classes = {
	};
	objectVersion = 46;
	objects = {

/* Begin PBXBuildFile section */
		74193B8E1C0AF1250044EDD6 /* main.m in Sources */ = {isa = PBXBuildFile; fileRef = 74193B8D1C0AF1250044EDD6 /* main.m */; settings = {COMPILER_FLAGS = "-fno-objc-arc"; }; };
		74193B911C0AF1250044EDD6 /* AppDelegate.m in Sources */ = {isa = PBXBuildFile; fileRef = 74193B901C0AF1250044EDD6 /* AppDelegate.m */; settings = {COMPILER_FLAGS = "-fno-objc-arc"; }; };
		74193B971C0AF1250044EDD6 /* Main.storyboard in Resources */ = {isa = PBXBuildFile; fileRef = 74193B951C0AF1250044EDD6 /* Main.storyboard */; };
		74193B991C0AF1250044EDD6 /* Assets.xcassets in Resources */ = {isa = PBXBuildFile; fileRef = 74193B981C0AF1250044EDD6 /* Assets.xcassets */; };
		74193B9C1C0AF1250044EDD6 /* LaunchScreen.storyboard in Resources */ = {isa = PBXBuildFile; fileRef = 74193B9A1C0AF1250044EDD6 /* LaunchScreen.storyboard */; };
		74193BA61C0AF5760044EDD6 /* RootViewController.m in Sources */ = {isa = PBXBuildFile; fileRef = 74193BA51C0AF5760044EDD6 /* RootViewController.m */; settings = {COMPILER_FLAGS = "-fno-objc-arc"; }; };
		74193BA81C0B0F070044EDD6 /* MapKit.framework in Frameworks */ = {isa = PBXBuildFile; fileRef = 74193BA71C0B0F070044EDD6 /* MapKit.framework */; };
		74193BAD1C0B14B50044EDD6 /* MapViewController.m in Sources */ = {isa = PBXBuildFile; fileRef = 74193BAC1C0B14B50044EDD6 /* MapViewController.m */; settings = {COMPILER_FLAGS = "-fno-objc-arc"; }; };
		74193BB31C0C7C230044EDD6 /* ImageViewController.m in Sources */ = {isa = PBXBuildFile; fileRef = 74193BB21C0C7C230044EDD6 /* ImageViewController.m */; settings = {COMPILER_FLAGS = "-fno-objc-arc"; }; };
		74193BB61C0CC4670044EDD6 /* SoundRecordingViewController.m in Sources */ = {isa = PBXBuildFile; fileRef = 74193BB51C0CC4670044EDD6 /* SoundRecordingViewController.m */; settings = {COMPILER_FLAGS = "-fno-objc-arc"; }; };
		74193BB81C0DAB0A0044EDD6 /* AVFoundation.framework in Frameworks */ = {isa = PBXBuildFile; fileRef = 74193BB71C0DAB0A0044EDD6 /* AVFoundation.framework */; };
		74193BD11C0DE0850044EDD6 /* DbController.m in Sources */ = {isa = PBXBuildFile; fileRef = 74193BD01C0DE0850044EDD6 /* DbController.m */; settings = {COMPILER_FLAGS = "-fno-objc-arc"; }; };
		74193BD31C0DE1200044EDD6 /* CoreData.framework in Frameworks */ = {isa = PBXBuildFile; fileRef = 74193BD21C0DE1200044EDD6 /* CoreData.framework */; };
		74193BD91C0E15F60044EDD6 /* BaseViewController.m in Sources */ = {isa = PBXBuildFile; fileRef = 74193BD81C0E15F60044EDD6 /* BaseViewController.m */; settings = {COMPILER_FLAGS = "-fno-objc-arc"; }; };
		74193C0E1C0EA9830044EDD6 /* ListViewController.m in Sources */ = {isa = PBXBuildFile; fileRef = 74193C0D1C0EA9830044EDD6 /* ListViewController.m */; settings = {COMPILER_FLAGS = "-fno-objc-arc"; }; };
		74193C111C0EEBC30044EDD6 /* TravelInfoViewController.m in Sources */ = {isa = PBXBuildFile; fileRef = 74193C101C0EEBC30044EDD6 /* TravelInfoViewController.m */; settings = {COMPILER_FLAGS = "-fno-objc-arc"; }; };
		74193C381C0F269C0044EDD6 /* AnnotationModel.m in Sources */ = {isa = PBXBuildFile; fileRef = 74193C371C0F269C0044EDD6 /* AnnotationModel.m */; settings = {COMPILER_FLAGS = "-fno-objc-arc"; }; };
		74193C3A1C105A180044EDD6 /* AssetsLibrary.framework in Frameworks */ = {isa = PBXBuildFile; fileRef = 74193C391C105A180044EDD6 /* AssetsLibrary.framework */; };
		CE0ED3F51C28552700C928A4 /* VideoRecorderViewController.m in Sources */ = {isa = PBXBuildFile; fileRef = CE0ED3F41C28552700C928A4 /* VideoRecorderViewController.m */; settings = {COMPILER_FLAGS = "-fno-objc-arc"; }; };
		CE0ED3F71C285B9000C928A4 /* MediaPlayer.framework in Frameworks */ = {isa = PBXBuildFile; fileRef = CE0ED3F61C285B9000C928A4 /* MediaPlayer.framework */; };
		CE0ED3F91C285B9700C928A4 /* CoreMedia.framework in Frameworks */ = {isa = PBXBuildFile; fileRef = CE0ED3F81C285B9700C928A4 /* CoreMedia.framework */; };
		CE0ED3FB1C285BC300C928A4 /* MobileCoreServices.framework in Frameworks */ = {isa = PBXBuildFile; fileRef = CE0ED3FA1C285BC300C928A4 /* MobileCoreServices.framework */; };
		CE2823D61C1ED99B00975BC7 /* DataSource.m in Sources */ = {isa = PBXBuildFile; fileRef = CE2823D51C1ED99B00975BC7 /* DataSource.m */; settings = {COMPILER_FLAGS = "-fno-objc-arc"; }; };
		CE7DD7D01C24642C0054EA69 /* Photos.framework in Frameworks */ = {isa = PBXBuildFile; fileRef = CE7DD7CF1C24642C0054EA69 /* Photos.framework */; };
		CE8655911C21B60300CBBD62 /* CoreDataModel.xcdatamodeld in Sources */ = {isa = PBXBuildFile; fileRef = CE86558F1C21B60300CBBD62 /* CoreDataModel.xcdatamodeld */; };
		CE8655961C21B64700CBBD62 /* TravelItem+CoreDataProperties.m in Sources */ = {isa = PBXBuildFile; fileRef = CE8655931C21B64700CBBD62 /* TravelItem+CoreDataProperties.m */; };
		CE8655971C21B64700CBBD62 /* TravelItem.m in Sources */ = {isa = PBXBuildFile; fileRef = CE8655951C21B64700CBBD62 /* TravelItem.m */; };
		CEAD2AD61C20617F00E47554 /* Localization.strings in Resources */ = {isa = PBXBuildFile; fileRef = CEAD2AD81C20617F00E47554 /* Localization.strings */; };
		CECF2DE91C29328C0092D6FD /* Utils.m in Sources */ = {isa = PBXBuildFile; fileRef = CECF2DE81C29328C0092D6FD /* Utils.m */; settings = {COMPILER_FLAGS = "-fno-objc-arc"; }; };
		CECF2DEC1C2942400092D6FD /* TravelItem+CoreDataProperties.m in Sources */ = {isa = PBXBuildFile; fileRef = CECF2DEB1C2942400092D6FD /* TravelItem+CoreDataProperties.m */; };
/* End PBXBuildFile section */

/* Begin PBXFileReference section */
		74193B891C0AF1250044EDD6 /* TestProject.app */ = {isa = PBXFileReference; explicitFileType = wrapper.application; includeInIndex = 0; path = TestProject.app; sourceTree = BUILT_PRODUCTS_DIR; };
		74193B8D1C0AF1250044EDD6 /* main.m */ = {isa = PBXFileReference; lastKnownFileType = sourcecode.c.objc; path = main.m; sourceTree = "<group>"; };
		74193B8F1C0AF1250044EDD6 /* AppDelegate.h */ = {isa = PBXFileReference; lastKnownFileType = sourcecode.c.h; path = AppDelegate.h; sourceTree = "<group>"; };
		74193B901C0AF1250044EDD6 /* AppDelegate.m */ = {isa = PBXFileReference; lastKnownFileType = sourcecode.c.objc; path = AppDelegate.m; sourceTree = "<group>"; };
		74193B961C0AF1250044EDD6 /* Base */ = {isa = PBXFileReference; lastKnownFileType = file.storyboard; name = Base; path = Base.lproj/Main.storyboard; sourceTree = "<group>"; };
		74193B981C0AF1250044EDD6 /* Assets.xcassets */ = {isa = PBXFileReference; lastKnownFileType = folder.assetcatalog; path = Assets.xcassets; sourceTree = "<group>"; };
		74193B9B1C0AF1250044EDD6 /* Base */ = {isa = PBXFileReference; lastKnownFileType = file.storyboard; name = Base; path = Base.lproj/LaunchScreen.storyboard; sourceTree = "<group>"; };
		74193B9D1C0AF1250044EDD6 /* Info.plist */ = {isa = PBXFileReference; lastKnownFileType = text.plist.xml; path = Info.plist; sourceTree = "<group>"; };
		74193BA41C0AF5760044EDD6 /* RootViewController.h */ = {isa = PBXFileReference; fileEncoding = 4; lastKnownFileType = sourcecode.c.h; path = RootViewController.h; sourceTree = "<group>"; };
		74193BA51C0AF5760044EDD6 /* RootViewController.m */ = {isa = PBXFileReference; fileEncoding = 4; lastKnownFileType = sourcecode.c.objc; path = RootViewController.m; sourceTree = "<group>"; };
		74193BA71C0B0F070044EDD6 /* MapKit.framework */ = {isa = PBXFileReference; lastKnownFileType = wrapper.framework; name = MapKit.framework; path = System/Library/Frameworks/MapKit.framework; sourceTree = SDKROOT; };
		74193BAB1C0B14B50044EDD6 /* MapViewController.h */ = {isa = PBXFileReference; fileEncoding = 4; lastKnownFileType = sourcecode.c.h; path = MapViewController.h; sourceTree = "<group>"; };
		74193BAC1C0B14B50044EDD6 /* MapViewController.m */ = {isa = PBXFileReference; fileEncoding = 4; lastKnownFileType = sourcecode.c.objc; path = MapViewController.m; sourceTree = "<group>"; };
		74193BB11C0C7C230044EDD6 /* ImageViewController.h */ = {isa = PBXFileReference; fileEncoding = 4; lastKnownFileType = sourcecode.c.h; path = ImageViewController.h; sourceTree = "<group>"; };
		74193BB21C0C7C230044EDD6 /* ImageViewController.m */ = {isa = PBXFileReference; fileEncoding = 4; lastKnownFileType = sourcecode.c.objc; path = ImageViewController.m; sourceTree = "<group>"; };
		74193BB41C0CC4670044EDD6 /* SoundRecordingViewController.h */ = {isa = PBXFileReference; fileEncoding = 4; lastKnownFileType = sourcecode.c.h; path = SoundRecordingViewController.h; sourceTree = "<group>"; };
		74193BB51C0CC4670044EDD6 /* SoundRecordingViewController.m */ = {isa = PBXFileReference; fileEncoding = 4; lastKnownFileType = sourcecode.c.objc; path = SoundRecordingViewController.m; sourceTree = "<group>"; };
		74193BB71C0DAB0A0044EDD6 /* AVFoundation.framework */ = {isa = PBXFileReference; lastKnownFileType = wrapper.framework; name = AVFoundation.framework; path = System/Library/Frameworks/AVFoundation.framework; sourceTree = SDKROOT; };
		74193BCF1C0DE0850044EDD6 /* DbController.h */ = {isa = PBXFileReference; fileEncoding = 4; lastKnownFileType = sourcecode.c.h; path = DbController.h; sourceTree = "<group>"; };
		74193BD01C0DE0850044EDD6 /* DbController.m */ = {isa = PBXFileReference; fileEncoding = 4; lastKnownFileType = sourcecode.c.objc; path = DbController.m; sourceTree = "<group>"; };
		74193BD21C0DE1200044EDD6 /* CoreData.framework */ = {isa = PBXFileReference; lastKnownFileType = wrapper.framework; name = CoreData.framework; path = System/Library/Frameworks/CoreData.framework; sourceTree = SDKROOT; };
		74193BD71C0E15F60044EDD6 /* BaseViewController.h */ = {isa = PBXFileReference; fileEncoding = 4; lastKnownFileType = sourcecode.c.h; path = BaseViewController.h; sourceTree = "<group>"; };
		74193BD81C0E15F60044EDD6 /* BaseViewController.m */ = {isa = PBXFileReference; fileEncoding = 4; lastKnownFileType = sourcecode.c.objc; path = BaseViewController.m; sourceTree = "<group>"; };
		74193C0C1C0EA9830044EDD6 /* ListViewController.h */ = {isa = PBXFileReference; fileEncoding = 4; lastKnownFileType = sourcecode.c.h; path = ListViewController.h; sourceTree = "<group>"; };
		74193C0D1C0EA9830044EDD6 /* ListViewController.m */ = {isa = PBXFileReference; fileEncoding = 4; lastKnownFileType = sourcecode.c.objc; path = ListViewController.m; sourceTree = "<group>"; };
		74193C0F1C0EEBC30044EDD6 /* TravelInfoViewController.h */ = {isa = PBXFileReference; fileEncoding = 4; lastKnownFileType = sourcecode.c.h; path = TravelInfoViewController.h; sourceTree = "<group>"; };
		74193C101C0EEBC30044EDD6 /* TravelInfoViewController.m */ = {isa = PBXFileReference; fileEncoding = 4; lastKnownFileType = sourcecode.c.objc; path = TravelInfoViewController.m; sourceTree = "<group>"; };
		74193C361C0F269C0044EDD6 /* AnnotationModel.h */ = {isa = PBXFileReference; fileEncoding = 4; lastKnownFileType = sourcecode.c.h; path = AnnotationModel.h; sourceTree = "<group>"; };
		74193C371C0F269C0044EDD6 /* AnnotationModel.m */ = {isa = PBXFileReference; fileEncoding = 4; lastKnownFileType = sourcecode.c.objc; path = AnnotationModel.m; sourceTree = "<group>"; };
		74193C391C105A180044EDD6 /* AssetsLibrary.framework */ = {isa = PBXFileReference; lastKnownFileType = wrapper.framework; name = AssetsLibrary.framework; path = System/Library/Frameworks/AssetsLibrary.framework; sourceTree = SDKROOT; };
		CE0ED3F31C28552700C928A4 /* VideoRecorderViewController.h */ = {isa = PBXFileReference; fileEncoding = 4; lastKnownFileType = sourcecode.c.h; path = VideoRecorderViewController.h; sourceTree = "<group>"; };
		CE0ED3F41C28552700C928A4 /* VideoRecorderViewController.m */ = {isa = PBXFileReference; fileEncoding = 4; lastKnownFileType = sourcecode.c.objc; path = VideoRecorderViewController.m; sourceTree = "<group>"; };
		CE0ED3F61C285B9000C928A4 /* MediaPlayer.framework */ = {isa = PBXFileReference; lastKnownFileType = wrapper.framework; name = MediaPlayer.framework; path = System/Library/Frameworks/MediaPlayer.framework; sourceTree = SDKROOT; };
		CE0ED3F81C285B9700C928A4 /* CoreMedia.framework */ = {isa = PBXFileReference; lastKnownFileType = wrapper.framework; name = CoreMedia.framework; path = System/Library/Frameworks/CoreMedia.framework; sourceTree = SDKROOT; };
		CE0ED3FA1C285BC300C928A4 /* MobileCoreServices.framework */ = {isa = PBXFileReference; lastKnownFileType = wrapper.framework; name = MobileCoreServices.framework; path = System/Library/Frameworks/MobileCoreServices.framework; sourceTree = SDKROOT; };
		CE2823D41C1ED99B00975BC7 /* DataSource.h */ = {isa = PBXFileReference; fileEncoding = 4; lastKnownFileType = sourcecode.c.h; path = DataSource.h; sourceTree = "<group>"; };
		CE2823D51C1ED99B00975BC7 /* DataSource.m */ = {isa = PBXFileReference; fileEncoding = 4; lastKnownFileType = sourcecode.c.objc; path = DataSource.m; sourceTree = "<group>"; };
		CE7DD7CF1C24642C0054EA69 /* Photos.framework */ = {isa = PBXFileReference; lastKnownFileType = wrapper.framework; name = Photos.framework; path = System/Library/Frameworks/Photos.framework; sourceTree = SDKROOT; };
		CE8655901C21B60300CBBD62 /* CoreDataModel.xcdatamodel */ = {isa = PBXFileReference; lastKnownFileType = wrapper.xcdatamodel; path = CoreDataModel.xcdatamodel; sourceTree = "<group>"; };
		CE8655921C21B64700CBBD62 /* TravelItem+CoreDataProperties.h */ = {isa = PBXFileReference; fileEncoding = 4; lastKnownFileType = sourcecode.c.h; name = "TravelItem+CoreDataProperties.h"; path = "../TravelItem+CoreDataProperties.h"; sourceTree = "<group>"; };
		CE8655931C21B64700CBBD62 /* TravelItem+CoreDataProperties.m */ = {isa = PBXFileReference; fileEncoding = 4; lastKnownFileType = sourcecode.c.objc; name = "TravelItem+CoreDataProperties.m"; path = "../TravelItem+CoreDataProperties.m"; sourceTree = "<group>"; };
		CE8655941C21B64700CBBD62 /* TravelItem.h */ = {isa = PBXFileReference; fileEncoding = 4; lastKnownFileType = sourcecode.c.h; name = TravelItem.h; path = ../TravelItem.h; sourceTree = "<group>"; };
		CE8655951C21B64700CBBD62 /* TravelItem.m */ = {isa = PBXFileReference; fileEncoding = 4; lastKnownFileType = sourcecode.c.objc; name = TravelItem.m; path = ../TravelItem.m; sourceTree = "<group>"; };
		CEAC1C491C215A9F00DE152C /* Base */ = {isa = PBXFileReference; lastKnownFileType = text.plist.strings; name = Base; path = Base.lproj/Localization.strings; sourceTree = "<group>"; usesTabs = 0; };
		CEAC1C4A1C215AB400DE152C /* en */ = {isa = PBXFileReference; lastKnownFileType = text.plist.strings; name = en; path = en.lproj/Localization.strings; sourceTree = "<group>"; };
		CECF2DE71C29328C0092D6FD /* Utils.h */ = {isa = PBXFileReference; fileEncoding = 4; lastKnownFileType = sourcecode.c.h; path = Utils.h; sourceTree = "<group>"; };
		CECF2DE81C29328C0092D6FD /* Utils.m */ = {isa = PBXFileReference; fileEncoding = 4; lastKnownFileType = sourcecode.c.objc; path = Utils.m; sourceTree = "<group>"; };
		CECF2DEA1C2942400092D6FD /* TravelItem+CoreDataProperties.h */ = {isa = PBXFileReference; fileEncoding = 4; lastKnownFileType = sourcecode.c.h; path = "TravelItem+CoreDataProperties.h"; sourceTree = "<group>"; };
		CECF2DEB1C2942400092D6FD /* TravelItem+CoreDataProperties.m */ = {isa = PBXFileReference; fileEncoding = 4; lastKnownFileType = sourcecode.c.objc; path = "TravelItem+CoreDataProperties.m"; sourceTree = "<group>"; };
/* End PBXFileReference section */

/* Begin PBXFrameworksBuildPhase section */
		74193B861C0AF1250044EDD6 /* Frameworks */ = {
			isa = PBXFrameworksBuildPhase;
			buildActionMask = 2147483647;
			files = (
				CE0ED3FB1C285BC300C928A4 /* MobileCoreServices.framework in Frameworks */,
				CE0ED3F91C285B9700C928A4 /* CoreMedia.framework in Frameworks */,
				CE0ED3F71C285B9000C928A4 /* MediaPlayer.framework in Frameworks */,
				CE7DD7D01C24642C0054EA69 /* Photos.framework in Frameworks */,
				74193C3A1C105A180044EDD6 /* AssetsLibrary.framework in Frameworks */,
				74193BD31C0DE1200044EDD6 /* CoreData.framework in Frameworks */,
				74193BB81C0DAB0A0044EDD6 /* AVFoundation.framework in Frameworks */,
				74193BA81C0B0F070044EDD6 /* MapKit.framework in Frameworks */,
			);
			runOnlyForDeploymentPostprocessing = 0;
		};
/* End PBXFrameworksBuildPhase section */

/* Begin PBXGroup section */
		74193B801C0AF1250044EDD6 = {
			isa = PBXGroup;
			children = (
				CECF2DEA1C2942400092D6FD /* TravelItem+CoreDataProperties.h */,
				CECF2DEB1C2942400092D6FD /* TravelItem+CoreDataProperties.m */,
				74193B8B1C0AF1250044EDD6 /* TestProject */,
				74193B951C0AF1250044EDD6 /* Main.storyboard */,
				74193B8A1C0AF1250044EDD6 /* Products */,
			);
			sourceTree = "<group>";
		};
		74193B8A1C0AF1250044EDD6 /* Products */ = {
			isa = PBXGroup;
			children = (
				74193B891C0AF1250044EDD6 /* TestProject.app */,
			);
			name = Products;
			sourceTree = "<group>";
		};
		74193B8B1C0AF1250044EDD6 /* TestProject */ = {
			isa = PBXGroup;
			children = (
				74193BB91C0DCF9C0044EDD6 /* Models */,
				74193BA31C0AF54A0044EDD6 /* Controllers */,
				74193BBD1C0DCFD20044EDD6 /* FrameWorks */,
				74193B8C1C0AF1250044EDD6 /* Supporting Files */,
			);
			path = TestProject;
			sourceTree = "<group>";
		};
		74193B8C1C0AF1250044EDD6 /* Supporting Files */ = {
			isa = PBXGroup;
			children = (
				74193B981C0AF1250044EDD6 /* Assets.xcassets */,
				74193B9A1C0AF1250044EDD6 /* LaunchScreen.storyboard */,
				74193B9D1C0AF1250044EDD6 /* Info.plist */,
				74193B8F1C0AF1250044EDD6 /* AppDelegate.h */,
				74193B901C0AF1250044EDD6 /* AppDelegate.m */,
				74193B8D1C0AF1250044EDD6 /* main.m */,
				74193BCF1C0DE0850044EDD6 /* DbController.h */,
				74193BD01C0DE0850044EDD6 /* DbController.m */,
				CEAD2AD81C20617F00E47554 /* Localization.strings */,
				CE86558F1C21B60300CBBD62 /* CoreDataModel.xcdatamodeld */,
			);
			name = "Supporting Files";
			sourceTree = "<group>";
		};
		74193BA31C0AF54A0044EDD6 /* Controllers */ = {
			isa = PBXGroup;
			children = (
				74193BA41C0AF5760044EDD6 /* RootViewController.h */,
				74193BA51C0AF5760044EDD6 /* RootViewController.m */,
				74193BAB1C0B14B50044EDD6 /* MapViewController.h */,
				74193BAC1C0B14B50044EDD6 /* MapViewController.m */,
				74193BB11C0C7C230044EDD6 /* ImageViewController.h */,
				74193BB21C0C7C230044EDD6 /* ImageViewController.m */,
				74193BB41C0CC4670044EDD6 /* SoundRecordingViewController.h */,
				74193BB51C0CC4670044EDD6 /* SoundRecordingViewController.m */,
				74193BD71C0E15F60044EDD6 /* BaseViewController.h */,
				74193BD81C0E15F60044EDD6 /* BaseViewController.m */,
				74193C0C1C0EA9830044EDD6 /* ListViewController.h */,
				74193C0D1C0EA9830044EDD6 /* ListViewController.m */,
				74193C0F1C0EEBC30044EDD6 /* TravelInfoViewController.h */,
				74193C101C0EEBC30044EDD6 /* TravelInfoViewController.m */,
				CE0ED3F31C28552700C928A4 /* VideoRecorderViewController.h */,
				CE0ED3F41C28552700C928A4 /* VideoRecorderViewController.m */,
			);
			name = Controllers;
			sourceTree = "<group>";
		};
		74193BB91C0DCF9C0044EDD6 /* Models */ = {
			isa = PBXGroup;
			children = (
				CE8655921C21B64700CBBD62 /* TravelItem+CoreDataProperties.h */,
				CE8655931C21B64700CBBD62 /* TravelItem+CoreDataProperties.m */,
				CE8655941C21B64700CBBD62 /* TravelItem.h */,
				CE8655951C21B64700CBBD62 /* TravelItem.m */,
				74193C361C0F269C0044EDD6 /* AnnotationModel.h */,
				74193C371C0F269C0044EDD6 /* AnnotationModel.m */,
				CE2823D41C1ED99B00975BC7 /* DataSource.h */,
				CE2823D51C1ED99B00975BC7 /* DataSource.m */,
				CECF2DE71C29328C0092D6FD /* Utils.h */,
				CECF2DE81C29328C0092D6FD /* Utils.m */,
			);
			name = Models;
			sourceTree = "<group>";
		};
		74193BBD1C0DCFD20044EDD6 /* FrameWorks */ = {
			isa = PBXGroup;
			children = (
				CE0ED3FA1C285BC300C928A4 /* MobileCoreServices.framework */,
				CE0ED3F81C285B9700C928A4 /* CoreMedia.framework */,
				CE0ED3F61C285B9000C928A4 /* MediaPlayer.framework */,
				CE7DD7CF1C24642C0054EA69 /* Photos.framework */,
				74193C391C105A180044EDD6 /* AssetsLibrary.framework */,
				74193BD21C0DE1200044EDD6 /* CoreData.framework */,
				74193BB71C0DAB0A0044EDD6 /* AVFoundation.framework */,
				74193BA71C0B0F070044EDD6 /* MapKit.framework */,
			);
			name = FrameWorks;
			sourceTree = "<group>";
		};
/* End PBXGroup section */

/* Begin PBXNativeTarget section */
		74193B881C0AF1250044EDD6 /* TestProject */ = {
			isa = PBXNativeTarget;
			buildConfigurationList = 74193BA01C0AF1250044EDD6 /* Build configuration list for PBXNativeTarget "TestProject" */;
			buildPhases = (
				74193B851C0AF1250044EDD6 /* Sources */,
				74193B861C0AF1250044EDD6 /* Frameworks */,
				74193B871C0AF1250044EDD6 /* Resources */,
			);
			buildRules = (
			);
			dependencies = (
			);
			name = TestProject;
			productName = TestProject;
			productReference = 74193B891C0AF1250044EDD6 /* TestProject.app */;
			productType = "com.apple.product-type.application";
		};
/* End PBXNativeTarget section */

/* Begin PBXProject section */
		74193B811C0AF1250044EDD6 /* Project object */ = {
			isa = PBXProject;
			attributes = {
				LastUpgradeCheck = 0710;
				ORGANIZATIONNAME = "Егор Сидоренко";
				TargetAttributes = {
					74193B881C0AF1250044EDD6 = {
						CreatedOnToolsVersion = 7.1.1;
						SystemCapabilities = {
							com.apple.BackgroundModes = {
								enabled = 1;
							};
						};
					};
				};
			};
			buildConfigurationList = 74193B841C0AF1250044EDD6 /* Build configuration list for PBXProject "TestProject" */;
			compatibilityVersion = "Xcode 3.2";
			developmentRegion = English;
			hasScannedForEncodings = 0;
			knownRegions = (
				en,
				Base,
			);
			mainGroup = 74193B801C0AF1250044EDD6;
			productRefGroup = 74193B8A1C0AF1250044EDD6 /* Products */;
			projectDirPath = "";
			projectRoot = "";
			targets = (
				74193B881C0AF1250044EDD6 /* TestProject */,
			);
		};
/* End PBXProject section */

/* Begin PBXResourcesBuildPhase section */
		74193B871C0AF1250044EDD6 /* Resources */ = {
			isa = PBXResourcesBuildPhase;
			buildActionMask = 2147483647;
			files = (
				74193B9C1C0AF1250044EDD6 /* LaunchScreen.storyboard in Resources */,
				CEAD2AD61C20617F00E47554 /* Localization.strings in Resources */,
				74193B991C0AF1250044EDD6 /* Assets.xcassets in Resources */,
				74193B971C0AF1250044EDD6 /* Main.storyboard in Resources */,
			);
			runOnlyForDeploymentPostprocessing = 0;
		};
/* End PBXResourcesBuildPhase section */

/* Begin PBXSourcesBuildPhase section */
		74193B851C0AF1250044EDD6 /* Sources */ = {
			isa = PBXSourcesBuildPhase;
			buildActionMask = 2147483647;
			files = (
				74193BAD1C0B14B50044EDD6 /* MapViewController.m in Sources */,
				74193B911C0AF1250044EDD6 /* AppDelegate.m in Sources */,
				74193C111C0EEBC30044EDD6 /* TravelInfoViewController.m in Sources */,
				CE8655911C21B60300CBBD62 /* CoreDataModel.xcdatamodeld in Sources */,
				CECF2DEC1C2942400092D6FD /* TravelItem+CoreDataProperties.m in Sources */,
				CE0ED3F51C28552700C928A4 /* VideoRecorderViewController.m in Sources */,
				CE8655971C21B64700CBBD62 /* TravelItem.m in Sources */,
				74193BD91C0E15F60044EDD6 /* BaseViewController.m in Sources */,
				74193BB61C0CC4670044EDD6 /* SoundRecordingViewController.m in Sources */,
				CE8655961C21B64700CBBD62 /* TravelItem+CoreDataProperties.m in Sources */,
				CE2823D61C1ED99B00975BC7 /* DataSource.m in Sources */,
				74193B8E1C0AF1250044EDD6 /* main.m in Sources */,
				74193C0E1C0EA9830044EDD6 /* ListViewController.m in Sources */,
				74193BA61C0AF5760044EDD6 /* RootViewController.m in Sources */,
				74193C381C0F269C0044EDD6 /* AnnotationModel.m in Sources */,
				74193BB31C0C7C230044EDD6 /* ImageViewController.m in Sources */,
				74193BD11C0DE0850044EDD6 /* DbController.m in Sources */,
				CECF2DE91C29328C0092D6FD /* Utils.m in Sources */,
			);
			runOnlyForDeploymentPostprocessing = 0;
		};
/* End PBXSourcesBuildPhase section */

/* Begin PBXVariantGroup section */
		74193B951C0AF1250044EDD6 /* Main.storyboard */ = {
			isa = PBXVariantGroup;
			children = (
				74193B961C0AF1250044EDD6 /* Base */,
			);
			name = Main.storyboard;
			path = TestProject;
			sourceTree = "<group>";
		};
		74193B9A1C0AF1250044EDD6 /* LaunchScreen.storyboard */ = {
			isa = PBXVariantGroup;
			children = (
				74193B9B1C0AF1250044EDD6 /* Base */,
			);
			name = LaunchScreen.storyboard;
			sourceTree = "<group>";
		};
		CEAD2AD81C20617F00E47554 /* Localization.strings */ = {
			isa = PBXVariantGroup;
			children = (
				CEAC1C491C215A9F00DE152C /* Base */,
				CEAC1C4A1C215AB400DE152C /* en */,
			);
			name = Localization.strings;
			sourceTree = "<group>";
		};
/* End PBXVariantGroup section */

/* Begin XCBuildConfiguration section */
		74193B9E1C0AF1250044EDD6 /* Debug */ = {
			isa = XCBuildConfiguration;
			buildSettings = {
				ALWAYS_SEARCH_USER_PATHS = NO;
				CLANG_CXX_LANGUAGE_STANDARD = "gnu++0x";
				CLANG_CXX_LIBRARY = "libc++";
				CLANG_ENABLE_MODULES = YES;
				CLANG_ENABLE_OBJC_ARC = YES;
				CLANG_WARN_BOOL_CONVERSION = YES;
				CLANG_WARN_CONSTANT_CONVERSION = YES;
				CLANG_WARN_DIRECT_OBJC_ISA_USAGE = YES_ERROR;
				CLANG_WARN_EMPTY_BODY = YES;
				CLANG_WARN_ENUM_CONVERSION = YES;
				CLANG_WARN_INT_CONVERSION = YES;
				CLANG_WARN_OBJC_ROOT_CLASS = YES_ERROR;
				CLANG_WARN_UNREACHABLE_CODE = YES;
				CLANG_WARN__DUPLICATE_METHOD_MATCH = YES;
				"CODE_SIGN_IDENTITY[sdk=iphoneos*]" = "iPhone Developer";
				COPY_PHASE_STRIP = NO;
				DEBUG_INFORMATION_FORMAT = dwarf;
				ENABLE_STRICT_OBJC_MSGSEND = YES;
				ENABLE_TESTABILITY = YES;
				GCC_C_LANGUAGE_STANDARD = gnu99;
				GCC_DYNAMIC_NO_PIC = NO;
				GCC_NO_COMMON_BLOCKS = YES;
				GCC_OPTIMIZATION_LEVEL = 0;
				GCC_PREPROCESSOR_DEFINITIONS = (
					"DEBUG=1",
					"$(inherited)",
				);
				GCC_WARN_64_TO_32_BIT_CONVERSION = YES;
				GCC_WARN_ABOUT_RETURN_TYPE = YES_ERROR;
				GCC_WARN_UNDECLARED_SELECTOR = YES;
				GCC_WARN_UNINITIALIZED_AUTOS = YES_AGGRESSIVE;
				GCC_WARN_UNUSED_FUNCTION = YES;
				GCC_WARN_UNUSED_VARIABLE = YES;
				IPHONEOS_DEPLOYMENT_TARGET = 9.1;
				MTL_ENABLE_DEBUG_INFO = YES;
				ONLY_ACTIVE_ARCH = YES;
				SDKROOT = iphoneos;
			};
			name = Debug;
		};
		74193B9F1C0AF1250044EDD6 /* Release */ = {
			isa = XCBuildConfiguration;
			buildSettings = {
				ALWAYS_SEARCH_USER_PATHS = NO;
				CLANG_CXX_LANGUAGE_STANDARD = "gnu++0x";
				CLANG_CXX_LIBRARY = "libc++";
				CLANG_ENABLE_MODULES = YES;
				CLANG_ENABLE_OBJC_ARC = YES;
				CLANG_WARN_BOOL_CONVERSION = YES;
				CLANG_WARN_CONSTANT_CONVERSION = YES;
				CLANG_WARN_DIRECT_OBJC_ISA_USAGE = YES_ERROR;
				CLANG_WARN_EMPTY_BODY = YES;
				CLANG_WARN_ENUM_CONVERSION = YES;
				CLANG_WARN_INT_CONVERSION = YES;
				CLANG_WARN_OBJC_ROOT_CLASS = YES_ERROR;
				CLANG_WARN_UNREACHABLE_CODE = YES;
				CLANG_WARN__DUPLICATE_METHOD_MATCH = YES;
				"CODE_SIGN_IDENTITY[sdk=iphoneos*]" = "iPhone Developer";
				COPY_PHASE_STRIP = NO;
				DEBUG_INFORMATION_FORMAT = "dwarf-with-dsym";
				ENABLE_NS_ASSERTIONS = NO;
				ENABLE_STRICT_OBJC_MSGSEND = YES;
				GCC_C_LANGUAGE_STANDARD = gnu99;
				GCC_NO_COMMON_BLOCKS = YES;
				GCC_WARN_64_TO_32_BIT_CONVERSION = YES;
				GCC_WARN_ABOUT_RETURN_TYPE = YES_ERROR;
				GCC_WARN_UNDECLARED_SELECTOR = YES;
				GCC_WARN_UNINITIALIZED_AUTOS = YES_AGGRESSIVE;
				GCC_WARN_UNUSED_FUNCTION = YES;
				GCC_WARN_UNUSED_VARIABLE = YES;
				IPHONEOS_DEPLOYMENT_TARGET = 9.1;
				MTL_ENABLE_DEBUG_INFO = NO;
				SDKROOT = iphoneos;
				VALIDATE_PRODUCT = YES;
			};
			name = Release;
		};
		74193BA11C0AF1250044EDD6 /* Debug */ = {
			isa = XCBuildConfiguration;
			buildSettings = {
				ASSETCATALOG_COMPILER_APPICON_NAME = AppIcon;
				CLANG_WARN_OBJC_IMPLICIT_RETAIN_SELF = YES;
				CODE_SIGN_IDENTITY = "iPhone Developer: Corrine Kohlmeyer-Hyman (2BWLG6F5DY)";
				INFOPLIST_FILE = TestProject/Info.plist;
				IPHONEOS_DEPLOYMENT_TARGET = 9.2;
				LD_RUNPATH_SEARCH_PATHS = "$(inherited) @executable_path/Frameworks";
				PRODUCT_BUNDLE_IDENTIFIER = com.egorsydorenko.TestProject;
				PRODUCT_NAME = "$(TARGET_NAME)";
				PROVISIONING_PROFILE = "49fca8c7-02e5-4a4d-8950-f0af97f1b7b2";
			};
			name = Debug;
		};
		74193BA21C0AF1250044EDD6 /* Release */ = {
			isa = XCBuildConfiguration;
			buildSettings = {
				ASSETCATALOG_COMPILER_APPICON_NAME = AppIcon;
				CLANG_WARN_OBJC_IMPLICIT_RETAIN_SELF = YES;
				CODE_SIGN_IDENTITY = "iPhone Developer: Corrine Kohlmeyer-Hyman (2BWLG6F5DY)";
				INFOPLIST_FILE = TestProject/Info.plist;
				IPHONEOS_DEPLOYMENT_TARGET = 9.2;
				LD_RUNPATH_SEARCH_PATHS = "$(inherited) @executable_path/Frameworks";
				PRODUCT_BUNDLE_IDENTIFIER = com.egorsydorenko.TestProject;
				PRODUCT_NAME = "$(TARGET_NAME)";
				PROVISIONING_PROFILE = "49fca8c7-02e5-4a4d-8950-f0af97f1b7b2";
			};
			name = Release;
		};
/* End XCBuildConfiguration section */

/* Begin XCConfigurationList section */
		74193B841C0AF1250044EDD6 /* Build configuration list for PBXProject "TestProject" */ = {
			isa = XCConfigurationList;
			buildConfigurations = (
				74193B9E1C0AF1250044EDD6 /* Debug */,
				74193B9F1C0AF1250044EDD6 /* Release */,
			);
			defaultConfigurationIsVisible = 0;
			defaultConfigurationName = Release;
		};
		74193BA01C0AF1250044EDD6 /* Build configuration list for PBXNativeTarget "TestProject" */ = {
			isa = XCConfigurationList;
			buildConfigurations = (
				74193BA11C0AF1250044EDD6 /* Debug */,
				74193BA21C0AF1250044EDD6 /* Release */,
			);
			defaultConfigurationIsVisible = 0;
			defaultConfigurationName = Release;
		};
/* End XCConfigurationList section */

/* Begin XCVersionGroup section */
		CE86558F1C21B60300CBBD62 /* CoreDataModel.xcdatamodeld */ = {
			isa = XCVersionGroup;
			children = (
				CE8655901C21B60300CBBD62 /* CoreDataModel.xcdatamodel */,
			);
			currentVersion = CE8655901C21B60300CBBD62 /* CoreDataModel.xcdatamodel */;
			path = CoreDataModel.xcdatamodeld;
			sourceTree = "<group>";
			versionGroupType = wrapper.xcdatamodel;
		};
/* End XCVersionGroup section */
	};
	rootObject = 74193B811C0AF1250044EDD6 /* Project object */;
}
